github.com/MarinX/keylogger v0.0.0-20210528193429-a54d7834cc1a h1:ItKXWegGGThcahUf+ylKFa5pwqkRJofaOyeGdzwO2mM=
github.com/MarinX/keylogger v0.0.0-20210528193429-a54d7834cc1a/go.mod h1:aKzZ7D15UvH5LboXkeLmcNi+s/f805vUfB+BfW1fqd4=
github.com/azul3d/engine v0.0.0-20211024043305-793ea6c2839d h1:rjznNQwrhE00gPar+rWgoh2RFOOTlE8YL7K20ADJB/w=
github.com/azul3d/engine v0.0.0-20211024043305-793ea6c2839d/go.mod h1:XJaK+eQA5QZRq/Y8jYtJnUGhqAfHxG3z2PgwiHvE2BA=
github.com/buger/goterm v1.0.4 h1:Z9YvGmOih81P0FbVtEYTFF6YsSgxSUKEhf/f9bTMXbY=
github.com/buger/goterm v1.0.4/go.mod h1:HiFWV3xnkolgrBV3mY8m0X0Pumt4zg4QhbdOzQtB8tE=
github.com/eiannone/keyboard v0.0.0-20220611211555-0d226195f203 h1:XBBHcIb256gUJtLmY22n99HaZTz+r2Z51xUPi01m3wg=
github.com/eiannone/keyboard v0.0.0-20220611211555-0d226195f203/go.mod h1:E1jcSv8FaEny+OP/5k9UxZVw9YFWGj7eI4KR/iOBqCg=
github.com/inancgumus/screen v0.0.0-20190314163918-06e984b86ed3 h1:fO9A67/izFYFYky7l1pDP5Dr0BTCRkaQJUG6Jm5ehsk=
github.com/inancgumus/screen v0.0.0-20190314163918-06e984b86ed3/go.mod h1:Ey4uAp+LvIl+s5jRbOHLcZpUDnkjLBROl15fZLwPlTM=
github.com/micmonay/keybd_event v1.1.1 h1:rv7omwXWYL9Lgf3PUq6uBgJI2k1yGkL/GD6dxc6nmSs=
github.com/micmonay/keybd_event v1.1.1/go.mod h1:CGMWMDNgsfPljzrAWoybUOSKafQPZpv+rLigt2LzNGI=
golang.org/x/crypto v0.6.0 h1:qfktjS5LUO+fFKeJXZ+ikTRijMmljikvG68fpMMruSc=
golang.org/x/crypto v0.6.0/go.mod h1:OFC/31mSvZgRz0V1QTNCzfAI1aIRzbiufJtkMIlEp58=
golang.org/x/sys v0.0.0-20210331175145-43e1dd70ce54/go.mod h1:h1NjWce9XRLGQEsW7wpKNCjG9DtNlClVuFLEZdDNbEs=
golang.org/x/sys v0.5.0 h1:MUK/U/4lj1t1oPg0HfuXDN/Z1wv31ZJ/YcPiGccS4DU=
golang.org/x/sys v0.5.0/go.mod h1:oPkhp1MJrh7nUepCBck5+mAzfO9JrbApNNgaTdGDITg=
golang.org/x/term v0.5.0 h1:n2a8QNdAb0sZNpU9R1ALUXBbY+w51fCQDN+7EdxNBsY=
golang.org/x/term v0.5.0/go.mod h1:jMB1sMXY+tzblOD4FWmEbocvup2/aLOaQEp7JmGp78k=
